
Microsoft Visual Studio Solution File, Format Version 12.00
# Visual Studio Version 17
VisualStudioVersion = 17.7.34003.232
MinimumVisualStudioVersion = 10.0.40219.1
Project("{FAE04EC0-301F-11D3-BF4B-00C04F79EFBC}") = "IngesFilm", "IngesFilm\IngesFilm.csproj", "{9794A35D-961A-4CA8-9023-65500EC164BD}"
EndProject
Global
	GlobalSection(SolutionConfigurationPlatforms) = preSolution
		Debug|Any CPU = Debug|Any CPU
		Release|Any CPU = Release|Any CPU
	EndGlobalSection
	GlobalSection(ProjectConfigurationPlatforms) = postSolution
		{9794A35D-961A-4CA8-9023-65500EC164BD}.Debug|Any CPU.ActiveCfg = Debug|Any CPU
		{9794A35D-961A-4CA8-9023-65500EC164BD}.Debug|Any CPU.Build.0 = Debug|Any CPU
		{9794A35D-961A-4CA8-9023-65500EC164BD}.Release|Any CPU.ActiveCfg = Release|Any CPU
		{9794A35D-961A-4CA8-9023-65500EC164BD}.Release|Any CPU.Build.0 = Release|Any CPU
	EndGlobalSection
	GlobalSection(SolutionProperties) = preSolution
		HideSolutionNode = FALSE
	EndGlobalSection
	GlobalSection(ExtensibilityGlobals) = postSolution
		SolutionGuid = {0FC3B71C-B03A-455D-B1F0-A21D507DEDA7}
	EndGlobalSection
EndGlobal
